{
  "projects": [
    {
      "projectId": "58GpZjZCWTaJ8AUhpCwt2K",
      "version": "3.34.0",
      "dependencies": {},
      "lang": "ts",
      "fileLocks": [
        {
          "assetId": "58GpZjZCWTaJ8AUhpCwt2K",
          "type": "projectCss",
          "checksum": "d6a3b1c76c10d347b435bd78a56a821e"
        },
        {
          "assetId": "58GpZjZCWTaJ8AUhpCwt2K",
          "checksum": "ba5a227fa7f7d5c086cc9a3f0cebe732",
          "type": "projectModule"
        },
        {
          "assetId": "58GpZjZCWTaJ8AUhpCwt2K",
          "checksum": "99d0e572c66e6ee763338215e010207b",
          "type": "styleTokensProvider"
        }
      ],
      "codegenVersion": "0.0.2"
    },
    {
      "projectId": "7nJ7UcFmq9UzB6eXfC5z4a",
      "version": "0.37.0",
      "dependencies": {},
      "lang": "ts",
      "fileLocks": [
        {
          "assetId": "7nJ7UcFmq9UzB6eXfC5z4a",
          "type": "projectCss",
          "checksum": "20d5916eb5143297f22e98d05d487965"
        },
        {
          "assetId": "7nJ7UcFmq9UzB6eXfC5z4a",
          "checksum": "7163d6064a75eb61d5378e18a09f8af8",
          "type": "projectModule"
        },
        {
          "assetId": "7nJ7UcFmq9UzB6eXfC5z4a",
          "checksum": "f21aaa776619fbffc67947416283c0e3",
          "type": "styleTokensProvider"
        }
      ],
      "codegenVersion": "0.0.2"
    },
    {
      "projectId": "gZ4agSk8hrXPsVhETN9USM",
      "version": "latest",
      "dependencies": {
        "7nJ7UcFmq9UzB6eXfC5z4a": "0.37.0",
        "58GpZjZCWTaJ8AUhpCwt2K": "3.34.0"
      },
      "lang": "ts",
      "fileLocks": [
        {
          "type": "globalVariant",
          "assetId": "aGQiUXX-c4C2",
          "checksum": "6ffb58627a2cc41a6e72106865473992"
        },
        {
          "assetId": "gZ4agSk8hrXPsVhETN9USM",
          "checksum": "44bfe52f13739cb66246a55aa6e23983",
          "type": "projectModule"
        },
        {
          "assetId": "gZ4agSk8hrXPsVhETN9USM",
          "checksum": "c7729ac2ed53611f3bbfbbaabf81d7cf",
          "type": "styleTokensProvider"
        },
        {
          "type": "renderModule",
          "assetId": "wHpg8mTPu1XK",
          "checksum": "3fc02c1df945a244d944077b57f26830"
        },
        {
          "type": "cssRules",
          "assetId": "wHpg8mTPu1XK",
          "checksum": "3fc02c1df945a244d944077b57f26830"
        },
        {
          "type": "renderModule",
          "assetId": "Wbc_6pIE-UNp",
          "checksum": "a94075d78f8ff9e4d1c2df614a9fd2eb"
        },
        {
          "type": "cssRules",
          "assetId": "Wbc_6pIE-UNp",
          "checksum": "a94075d78f8ff9e4d1c2df614a9fd2eb"
        },
        {
          "type": "renderModule",
          "assetId": "AbGIoKxy0jOT",
          "checksum": "09c9fea198d47a4ee90fe45bcedd8b69"
        },
        {
          "type": "cssRules",
          "assetId": "AbGIoKxy0jOT",
          "checksum": "09c9fea198d47a4ee90fe45bcedd8b69"
        },
        {
          "type": "renderModule",
          "assetId": "7X9BNVyVa_JE",
          "checksum": "f8baab910f286cee622766b28ade3c94"
        },
        {
          "type": "cssRules",
          "assetId": "7X9BNVyVa_JE",
          "checksum": "f8baab910f286cee622766b28ade3c94"
        },
        {
          "type": "renderModule",
          "assetId": "N7gb1sTKZaMF",
          "checksum": "69577474b7a0d506afafe03d6f281655"
        },
        {
          "type": "cssRules",
          "assetId": "N7gb1sTKZaMF",
          "checksum": "69577474b7a0d506afafe03d6f281655"
        },
        {
          "type": "renderModule",
          "assetId": "oGzdg_UOkMUs",
          "checksum": "ad86b3ae35fbe52e408ab34551bc6ea3"
        },
        {
          "type": "cssRules",
          "assetId": "oGzdg_UOkMUs",
          "checksum": "ad86b3ae35fbe52e408ab34551bc6ea3"
        },
        {
          "type": "renderModule",
          "assetId": "jZo0o2oNYgmN",
          "checksum": "1f74f23c1114748bb8dd2a4d7788c4b1"
        },
        {
          "type": "cssRules",
          "assetId": "jZo0o2oNYgmN",
          "checksum": "1f74f23c1114748bb8dd2a4d7788c4b1"
        },
        {
          "type": "renderModule",
          "assetId": "cbRgnxoRHwWi",
          "checksum": "dec4f0974189aa7cb431a692b1f08171"
        },
        {
          "type": "cssRules",
          "assetId": "cbRgnxoRHwWi",
          "checksum": "dec4f0974189aa7cb431a692b1f08171"
        },
        {
          "type": "renderModule",
          "assetId": "FIyKK0sCOnmC",
          "checksum": "93d0aaa8b22a02fb0a4a09754f9b12c9"
        },
        {
          "type": "cssRules",
          "assetId": "FIyKK0sCOnmC",
          "checksum": "93d0aaa8b22a02fb0a4a09754f9b12c9"
        },
        {
          "type": "renderModule",
          "assetId": "xnN-Tgbh3aOv",
          "checksum": "83e8b9c73ac0f4e95f3071503e10f684"
        },
        {
          "type": "cssRules",
          "assetId": "xnN-Tgbh3aOv",
          "checksum": "83e8b9c73ac0f4e95f3071503e10f684"
        },
        {
          "type": "icon",
          "assetId": "g29PM-vJ6-NK",
          "checksum": "d641fe02bf882a81da744e6754344fff"
        },
        {
          "type": "icon",
          "assetId": "tPcsuxOslfxd",
          "checksum": "628c46e0f661b4311800798c917bb07a"
        },
        {
          "type": "icon",
          "assetId": "AfATtKZ2h1Wj",
          "checksum": "b11cba7b88198fed098fb0c09eb52ba1"
        },
        {
          "type": "icon",
          "assetId": "Ey5akjV6a-bQ",
          "checksum": "61568a9b7d7fbae1b74eeff857174220"
        },
        {
          "type": "icon",
          "assetId": "T23Hz80bqrXm",
          "checksum": "7537e401b1bfd094a38f1276c3fc9926"
        },
        {
          "type": "icon",
          "assetId": "0UyGLvqF2CzK",
          "checksum": "6306fd66b81a83f33dee7ff74b59dde6"
        },
        {
          "type": "icon",
          "assetId": "kbT372ds6vHv",
          "checksum": "9e37037c4a05684a99d95f24116c9543"
        },
        {
          "type": "icon",
          "assetId": "ZVeqMelBmTP2",
          "checksum": "40fb9c7453055df0336f45119b086299"
        },
        {
          "type": "icon",
          "assetId": "lfdPMdORm3RB",
          "checksum": "b679a4297e39b8908cc672bef374630c"
        },
        {
          "type": "icon",
          "assetId": "sJsfodHgLCt_",
          "checksum": "9ce90c00d9521d22df33e4a26f287163"
        },
        {
          "type": "image",
          "assetId": "mdizYQHJsJNk",
          "checksum": "4cc81300db96414ac09eac328f460b2d"
        },
        {
          "type": "image",
          "assetId": "lol5LRazONZq",
          "checksum": "2ca08b69c939ff9f3d5994af4a6a4f27"
        },
        {
          "type": "image",
          "assetId": "5r6B4-1ZtY7O",
          "checksum": "6279c9a730104ce555264cda7bfb562e"
        },
        {
          "type": "image",
          "assetId": "DdrCxnb7l4jO",
          "checksum": "925061243f150ce1685cebfa78c68b62"
        },
        {
          "type": "image",
          "assetId": "ZiDQRKtRqzJN",
          "checksum": "aac9eacbf0cfbb031674c3c2f28b83f9"
        },
        {
          "type": "image",
          "assetId": "xnauAD6k3Txj",
          "checksum": "a73668a72d01e9042a887d1e7af87b25"
        },
        {
          "type": "image",
          "assetId": "sAvGGKrjtVPu",
          "checksum": "191d13a5415829966e7c5d3dbfb2fa25"
        },
        {
          "type": "image",
          "assetId": "KSgHf5uqSlfV",
          "checksum": "63a40d70a8281760d3b8578c91abe1a0"
        },
        {
          "type": "image",
          "assetId": "alHewkzysX35",
          "checksum": "ca8ad1eeb6607ecced5e219faa30fe6c"
        },
        {
          "type": "image",
          "assetId": "jJfX7Ztd1ldT",
          "checksum": "d5bbefa9276acd61ceb3b8ec50f90985"
        },
        {
          "type": "image",
          "assetId": "STpaiYuiiA4H",
          "checksum": "231f311580668db86bba819709602604"
        },
        {
          "type": "image",
          "assetId": "evBVGNmVC6pP",
          "checksum": "89601e61ad26467f79cc3d95fdc34d0b"
        },
        {
          "type": "image",
          "assetId": "HX0OWSyJPAyq",
          "checksum": "c3fcd94f8a9960e358b205ee58059a4f"
        },
        {
          "type": "image",
          "assetId": "5L9X3WOqp7A5",
          "checksum": "4678ad9ead8b569c6f77b81a96adc247"
        },
        {
          "type": "image",
          "assetId": "oaT-NDaUaR1u",
          "checksum": "9e88b9e144a23f85f75feb5fecb1eb3c"
        },
        {
          "type": "image",
          "assetId": "iOEcfxam4aGC",
          "checksum": "4e61f5464cdb48d4f33a79329c897571"
        },
        {
          "type": "image",
          "assetId": "KTLBXSRujaCn",
          "checksum": "255b741848724ac5974b7fee4b96bcfb"
        },
        {
          "type": "image",
          "assetId": "VuFYTFjAWHu3",
          "checksum": "3d585b671d8e45c1c12bf0ee16efe9a6"
        },
        {
          "type": "image",
          "assetId": "K6G48-fHji9f",
          "checksum": "2272206f0f01e5063bb05718f286a04c"
        },
        {
          "type": "image",
          "assetId": "0YPk7G0xFvrY",
          "checksum": "55a4aa96601826c3989d3ab469a9c8dd"
        },
        {
          "type": "image",
          "assetId": "J8t8aSb2NhWz",
          "checksum": "209498d026806ee8732218750dc7a50f"
        },
        {
          "type": "image",
          "assetId": "kbug5CQqJCcc",
          "checksum": "8352ead7082bb9aec602c9dd4a99519e"
        },
        {
          "type": "image",
          "assetId": "RTRQmYWFvZxB",
          "checksum": "f752fd873caa764af03d546bc0c7bd17"
        },
        {
          "type": "image",
          "assetId": "B7UzBySfJgwc",
          "checksum": "c14336ceff4fc901c21a770a906ea1bb"
        },
        {
          "type": "image",
          "assetId": "8BMWMuxJ13xW",
          "checksum": "df8105f2dccfe1fdb18023f8a5ec2e3d"
        },
        {
          "type": "image",
          "assetId": "cSqPsjDMTBQw",
          "checksum": "44b25e3fbf58852512b1faa72df96494"
        },
        {
          "type": "image",
          "assetId": "ui0ji93323Mw",
          "checksum": "68ea10e2dc35e218a02638b6881ad221"
        },
        {
          "type": "image",
          "assetId": "0EWwwbwtsCx3",
          "checksum": "c7a4c9d54f632890334800d08af8458d"
        },
        {
          "type": "image",
          "assetId": "YMLp5bOOAJR_",
          "checksum": "a88f65bd8146e9fed7dfe7f940aafe8c"
        },
        {
          "type": "image",
          "assetId": "7vkZ3xvc0zwe",
          "checksum": "9896e3754c68e486fb42dc9fff5a4930"
        },
        {
          "type": "image",
          "assetId": "7dIhoWVTbIEg",
          "checksum": "1a216db499fb7d1d456a45ad392bc8cc"
        },
        {
          "type": "image",
          "assetId": "8oN1pdpUpnFd",
          "checksum": "4aebd370001f00fbf8b7623102f6e883"
        },
        {
          "type": "image",
          "assetId": "x9-6QPnIuXKx",
          "checksum": "fd3fe7b2d5c6dec3056ed7b3749a85cb"
        },
        {
          "type": "image",
          "assetId": "zPaiz4lljKDa",
          "checksum": "1c51668d5c8ccca104d6fcff833953e7"
        },
        {
          "type": "image",
          "assetId": "PlPSNLw1Lsq5",
          "checksum": "16f4f93fa69161fa22624edcec32d5c0"
        },
        {
          "type": "image",
          "assetId": "kopRZ12E6_wx",
          "checksum": "139c77bc0860922e923e5947b02820ee"
        },
        {
          "type": "image",
          "assetId": "t0GZs_kkp3MP",
          "checksum": "b7ae921c93fa6ee0fc5f51f12716b8a0"
        },
        {
          "type": "image",
          "assetId": "RFmo7QhbTFW2",
          "checksum": "13fcc6026efbb1d0e0849e75c81f92d0"
        },
        {
          "type": "image",
          "assetId": "BeTk8uI3Pmhf",
          "checksum": "06051ff02af95b10501d17d9225dd5c6"
        },
        {
          "type": "image",
          "assetId": "aeVoJAA19jjx",
          "checksum": "d24654a23365152b5b4e32675a3895c2"
        },
        {
          "type": "image",
          "assetId": "Wjxfvn1fm1w5",
          "checksum": "6816ac5bb073257fac35444d70e37026"
        },
        {
          "type": "image",
          "assetId": "EI3t6m3d6di4",
          "checksum": "34f4420f92966198cbd7bc9bf5c3ec8d"
        },
        {
          "type": "image",
          "assetId": "5Axwk9499KaK",
          "checksum": "bab0bf39811f1acf3a2864c2996c7fec"
        },
        {
          "type": "image",
          "assetId": "H7ZfZz-VHesD",
          "checksum": "b6f924425a9690e2e95b4fe37136b7d2"
        },
        {
          "assetId": "gZ4agSk8hrXPsVhETN9USM",
          "type": "projectCss",
          "checksum": "c25157f8c20cf655f38c89ae2c908e7c"
        },
        {
          "type": "renderModule",
          "assetId": "sYfUW0gGqRK5",
          "checksum": "8d18c322a81bd105efc388412cf4b3bb"
        },
        {
          "type": "cssRules",
          "assetId": "sYfUW0gGqRK5",
          "checksum": "8d18c322a81bd105efc388412cf4b3bb"
        }
      ],
      "codegenVersion": "0.0.2"
    }
  ],
  "cliVersion": "0.1.348"
}
